PODS:
  - LotameDMP (5.3.0)
  - OHHTTPStubs (9.1.0):
    - OHHTTPStubs/Default (= 9.1.0)
  - OHHTTPStubs/Core (9.1.0)
  - OHHTTPStubs/Default (9.1.0):
    - OHHTTPStubs/Core
    - OHHTTPStubs/JSON
    - OHHTTPStubs/NSURLSession
    - OHHTTPStubs/OHPathHelpers
  - OHHTTPStubs/JSON (9.1.0):
    - OHHTTPStubs/Core
  - OHHTTPStubs/NSURLSession (9.1.0):
    - OHHTTPStubs/Core
  - OHHTTPStubs/OHPathHelpers (9.1.0)

DEPENDENCIES:
  - LotameDMP (from `../`)
  - OHHTTPStubs

SPEC REPOS:
  https://github.com/CocoaPods/Specs.git:
    - OHHTTPStubs

EXTERNAL SOURCES:
  LotameDMP:
    :path: "../"

SPEC CHECKSUMS:
  LotameDMP: c08f1b509a892390fcfa5821fedbd5a4e4bff725
  OHHTTPStubs: 90eac6d8f2c18317baeca36698523dc67c513831

PODFILE CHECKSUM: b42b6fbf27c9712498a99fc59516d5673fcf2a2b

COCOAPODS: 1.10.1
