PODS:
  - Alamofire (4.4.0)
  - LotameDMP (4.0.0):
    - Alamofire (~> 4.0)
  - OHHTTPStubs (6.0.0):
    - OHHTTPStubs/Default (= 6.0.0)
  - OHHTTPStubs/Core (6.0.0)
  - OHHTTPStubs/Default (6.0.0):
    - OHHTTPStubs/Core
    - OHHTTPStubs/JSON
    - OHHTTPStubs/NSURLSession
    - OHHTTPStubs/OHPathHelpers
  - OHHTTPStubs/JSON (6.0.0):
    - OHHTTPStubs/Core
  - OHHTTPStubs/NSURLSession (6.0.0):
    - OHHTTPStubs/Core
  - OHHTTPStubs/OHPathHelpers (6.0.0)

DEPENDENCIES:
  - LotameDMP (from `../`)
  - OHHTTPStubs

EXTERNAL SOURCES:
  LotameDMP:
    :path: ../

SPEC CHECKSUMS:
  Alamofire: dc44b1600b800eb63da6a19039a0083d62a6a62d
  LotameDMP: 100c1addabbb1b5eb0302faddf0f852c388494b6
  OHHTTPStubs: 752f9b11fd810a15162d50f11c06ff94f8e012eb

PODFILE CHECKSUM: 50039ae88500faea322d8bcc41901e68028c282f

COCOAPODS: 1.2.1
