PODS:
  - LotameDMP (5.0.1)
  - OHHTTPStubs (6.0.0):
    - OHHTTPStubs/Default (= 6.0.0)
  - OHHTTPStubs/Core (6.0.0)
  - OHHTTPStubs/Default (6.0.0):
    - OHHTTPStubs/Core
    - OHHTTPStubs/JSON
    - OHHTTPStubs/NSURLSession
    - OHHTTPStubs/OHPathHelpers
  - OHHTTPStubs/JSON (6.0.0):
    - OHHTTPStubs/Core
  - OHHTTPStubs/NSURLSession (6.0.0):
    - OHHTTPStubs/Core
  - OHHTTPStubs/OHPathHelpers (6.0.0)

DEPENDENCIES:
  - LotameDMP (from `../`)
  - OHHTTPStubs

SPEC REPOS:
  https://github.com/CocoaPods/Specs.git:
    - OHHTTPStubs

EXTERNAL SOURCES:
  LotameDMP:
    :path: "../"

SPEC CHECKSUMS:
  LotameDMP: 613931d5b3b7d78d0a64cf1e132506031660cac3
  OHHTTPStubs: 752f9b11fd810a15162d50f11c06ff94f8e012eb

PODFILE CHECKSUM: 50039ae88500faea322d8bcc41901e68028c282f

COCOAPODS: 1.9.3
